
Microsoft Visual Studio Solution File, Format Version 12.00
# Visual Studio Version 16
VisualStudioVersion = 16.0.33529.622
MinimumVisualStudioVersion = 10.0.40219.1
Project("{FAE04EC0-301F-11D3-BF4B-00C04F79EFBC}") = "TestProject2", "TestProject2\TestProject2.csproj", "{55141E34-EA87-4CC7-8E73-59689FD57AAB}"
EndProject
Global
	GlobalSection(SolutionConfigurationPlatforms) = preSolution
		Debug|Any CPU = Debug|Any CPU
		Release|Any CPU = Release|Any CPU
	EndGlobalSection
	GlobalSection(ProjectConfigurationPlatforms) = postSolution
		{55141E34-EA87-4CC7-8E73-59689FD57AAB}.Debug|Any CPU.ActiveCfg = Debug|Any CPU
		{55141E34-EA87-4CC7-8E73-59689FD57AAB}.Debug|Any CPU.Build.0 = Debug|Any CPU
		{55141E34-EA87-4CC7-8E73-59689FD57AAB}.Release|Any CPU.ActiveCfg = Release|Any CPU
		{55141E34-EA87-4CC7-8E73-59689FD57AAB}.Release|Any CPU.Build.0 = Release|Any CPU
	EndGlobalSection
	GlobalSection(SolutionProperties) = preSolution
		HideSolutionNode = FALSE
	EndGlobalSection
	GlobalSection(ExtensibilityGlobals) = postSolution
		SolutionGuid = {1C164E40-1190-4F45-A01B-CB7994523664}
	EndGlobalSection
EndGlobal
